
Microsoft Visual Studio Solution File, Format Version 12.00
# Visual Studio Version 16
VisualStudioVersion = 16.0.30611.23
MinimumVisualStudioVersion = 10.0.40219.1
Project("{FAE04EC0-301F-11D3-BF4B-00C04F79EFBC}") = "GameOfWar", "GameOfWar\GameOfWar.csproj", "{C40958EE-6E86-45E4-A51F-44850BC97175}"
EndProject
Global
	GlobalSection(SolutionConfigurationPlatforms) = preSolution
		Debug|Any CPU = Debug|Any CPU
		Release|Any CPU = Release|Any CPU
	EndGlobalSection
	GlobalSection(ProjectConfigurationPlatforms) = postSolution
		{C40958EE-6E86-45E4-A51F-44850BC97175}.Debug|Any CPU.ActiveCfg = Debug|Any CPU
		{C40958EE-6E86-45E4-A51F-44850BC97175}.Debug|Any CPU.Build.0 = Debug|Any CPU
		{C40958EE-6E86-45E4-A51F-44850BC97175}.Release|Any CPU.ActiveCfg = Release|Any CPU
		{C40958EE-6E86-45E4-A51F-44850BC97175}.Release|Any CPU.Build.0 = Release|Any CPU
	EndGlobalSection
	GlobalSection(SolutionProperties) = preSolution
		HideSolutionNode = FALSE
	EndGlobalSection
	GlobalSection(ExtensibilityGlobals) = postSolution
		SolutionGuid = {3BFDF5D9-261D-48BC-A9AA-5EBDF2CD49FF}
	EndGlobalSection
EndGlobal
